
Microsoft Visual Studio Solution File, Format Version 12.00
# Visual Studio 2012
Project("{8BC9CEB8-8B4A-11D0-8D11-00A0C91BC942}") = "mSLSpell", "mSLSpell.vcxproj", "{5CF10807-19A4-4015-A6FD-84AA1A024750}"
EndProject
Global
	GlobalSection(SolutionConfigurationPlatforms) = preSolution
		Debug|Win32 = Debug|Win32
		Release|Win32 = Release|Win32
	EndGlobalSection
	GlobalSection(ProjectConfigurationPlatforms) = postSolution
		{5CF10807-19A4-4015-A6FD-84AA1A024750}.Debug|Win32.ActiveCfg = Debug|Win32
		{5CF10807-19A4-4015-A6FD-84AA1A024750}.Debug|Win32.Build.0 = Debug|Win32
		{5CF10807-19A4-4015-A6FD-84AA1A024750}.Release|Win32.ActiveCfg = Release|Win32
		{5CF10807-19A4-4015-A6FD-84AA1A024750}.Release|Win32.Build.0 = Release|Win32
	EndGlobalSection
	GlobalSection(SolutionProperties) = preSolution
		HideSolutionNode = FALSE
	EndGlobalSection
EndGlobal
